
Microsoft Visual Studio Solution File, Format Version 12.00
# Visual Studio Version 17
VisualStudioVersion = 17.1.32210.238
MinimumVisualStudioVersion = 10.0.40219.1
Project("{9A19103F-16F7-4668-BE54-9A1E7A4F7556}") = "BlazorServer", "BlazorServer\BlazorServer.csproj", "{86902FF4-8AF8-4AEA-919D-FDC5BC0FAE1B}"
EndProject
Global
	GlobalSection(SolutionConfigurationPlatforms) = preSolution
		Debug|Any CPU = Debug|Any CPU
		Release|Any CPU = Release|Any CPU
	EndGlobalSection
	GlobalSection(ProjectConfigurationPlatforms) = postSolution
		{86902FF4-8AF8-4AEA-919D-FDC5BC0FAE1B}.Debug|Any CPU.ActiveCfg = Debug|Any CPU
		{86902FF4-8AF8-4AEA-919D-FDC5BC0FAE1B}.Debug|Any CPU.Build.0 = Debug|Any CPU
		{86902FF4-8AF8-4AEA-919D-FDC5BC0FAE1B}.Release|Any CPU.ActiveCfg = Release|Any CPU
		{86902FF4-8AF8-4AEA-919D-FDC5BC0FAE1B}.Release|Any CPU.Build.0 = Release|Any CPU
	EndGlobalSection
	GlobalSection(SolutionProperties) = preSolution
		HideSolutionNode = FALSE
	EndGlobalSection
	GlobalSection(ExtensibilityGlobals) = postSolution
		SolutionGuid = {61CB6B41-9425-4306-9540-30BAD98A5A46}
	EndGlobalSection
EndGlobal
